
Microsoft Visual Studio Solution File, Format Version 12.00
# Visual Studio Version 16
VisualStudioVersion = 16.0.810.11
MinimumVisualStudioVersion = 10.0.40219.1
Project("{FAE04EC0-301F-11D3-BF4B-00C04F79EFBC}") = "PasarService", "PasarService.csproj", "{B96467FD-E59A-414C-B53A-259E4EB63B2A}"
EndProject
Global
	GlobalSection(SolutionConfigurationPlatforms) = preSolution
		Debug|Any CPU = Debug|Any CPU
		Release|Any CPU = Release|Any CPU
	EndGlobalSection
	GlobalSection(ProjectConfigurationPlatforms) = postSolution
		{B96467FD-E59A-414C-B53A-259E4EB63B2A}.Debug|Any CPU.ActiveCfg = Debug|Any CPU
		{B96467FD-E59A-414C-B53A-259E4EB63B2A}.Debug|Any CPU.Build.0 = Debug|Any CPU
		{B96467FD-E59A-414C-B53A-259E4EB63B2A}.Release|Any CPU.ActiveCfg = Release|Any CPU
		{B96467FD-E59A-414C-B53A-259E4EB63B2A}.Release|Any CPU.Build.0 = Release|Any CPU
	EndGlobalSection
	GlobalSection(SolutionProperties) = preSolution
		HideSolutionNode = FALSE
	EndGlobalSection
	GlobalSection(ExtensibilityGlobals) = postSolution
		SolutionGuid = {413CB5E3-075C-4E03-9C13-6439352F5D30}
	EndGlobalSection
EndGlobal
